
Microsoft Visual Studio Solution File, Format Version 12.00
# Visual Studio Version 16
VisualStudioVersion = 16.0.31624.102
MinimumVisualStudioVersion = 10.0.40219.1
Project("{9A19103F-16F7-4668-BE54-9A1E7A4F7556}") = "XAF_ASPNET_CORE_BLAZOR_TUTORIAL.Module", "XAF_ASPNET_CORE_BLAZOR_TUTORIAL.Module\XAF_ASPNET_CORE_BLAZOR_TUTORIAL.Module.csproj", "{DFBBF86E-CE15-4B8D-B2E3-81D64CC3D5A3}"
EndProject
Project("{9A19103F-16F7-4668-BE54-9A1E7A4F7556}") = "XAF_ASPNET_CORE_BLAZOR_TUTORIAL.Module.Blazor", "XAF_ASPNET_CORE_BLAZOR_TUTORIAL.Module.Blazor\XAF_ASPNET_CORE_BLAZOR_TUTORIAL.Module.Blazor.csproj", "{E4378705-4F5B-4434-A6C3-AD2B0376D237}"
EndProject
Project("{9A19103F-16F7-4668-BE54-9A1E7A4F7556}") = "XAF_ASPNET_CORE_BLAZOR_TUTORIAL.Blazor.Server", "XAF_ASPNET_CORE_BLAZOR_TUTORIAL.Blazor.Server\XAF_ASPNET_CORE_BLAZOR_TUTORIAL.Blazor.Server.csproj", "{00C10FA5-A4B5-4465-8703-A8D95F2E0429}"
EndProject
Global
	GlobalSection(SolutionConfigurationPlatforms) = preSolution
		Debug|Any CPU = Debug|Any CPU
		Release|Any CPU = Release|Any CPU
	EndGlobalSection
	GlobalSection(ProjectConfigurationPlatforms) = postSolution
		{DFBBF86E-CE15-4B8D-B2E3-81D64CC3D5A3}.Debug|Any CPU.ActiveCfg = Debug|Any CPU
		{DFBBF86E-CE15-4B8D-B2E3-81D64CC3D5A3}.Debug|Any CPU.Build.0 = Debug|Any CPU
		{DFBBF86E-CE15-4B8D-B2E3-81D64CC3D5A3}.Release|Any CPU.ActiveCfg = Release|Any CPU
		{DFBBF86E-CE15-4B8D-B2E3-81D64CC3D5A3}.Release|Any CPU.Build.0 = Release|Any CPU
		{E4378705-4F5B-4434-A6C3-AD2B0376D237}.Debug|Any CPU.ActiveCfg = Debug|Any CPU
		{E4378705-4F5B-4434-A6C3-AD2B0376D237}.Debug|Any CPU.Build.0 = Debug|Any CPU
		{E4378705-4F5B-4434-A6C3-AD2B0376D237}.Release|Any CPU.ActiveCfg = Release|Any CPU
		{E4378705-4F5B-4434-A6C3-AD2B0376D237}.Release|Any CPU.Build.0 = Release|Any CPU
		{00C10FA5-A4B5-4465-8703-A8D95F2E0429}.Debug|Any CPU.ActiveCfg = Debug|Any CPU
		{00C10FA5-A4B5-4465-8703-A8D95F2E0429}.Debug|Any CPU.Build.0 = Debug|Any CPU
		{00C10FA5-A4B5-4465-8703-A8D95F2E0429}.Release|Any CPU.ActiveCfg = Release|Any CPU
		{00C10FA5-A4B5-4465-8703-A8D95F2E0429}.Release|Any CPU.Build.0 = Release|Any CPU
	EndGlobalSection
	GlobalSection(SolutionProperties) = preSolution
		HideSolutionNode = FALSE
	EndGlobalSection
	GlobalSection(ExtensibilityGlobals) = postSolution
		SolutionGuid = {A7B2369D-5E34-4E2A-B3DF-05EFABEB0961}
	EndGlobalSection
EndGlobal
